
Microsoft Visual Studio Solution File, Format Version 12.00
# Visual Studio Version 16
VisualStudioVersion = 16.0.32228.343
MinimumVisualStudioVersion = 10.0.40219.1
Project("{FAE04EC0-301F-11D3-BF4B-00C04F79EFBC}") = "Ex Proposto 132", "Ex Proposto 132\Ex Proposto 132.csproj", "{DE33B0CD-2BD9-4E87-A57B-B92A5EEF88E9}"
EndProject
Global
	GlobalSection(SolutionConfigurationPlatforms) = preSolution
		Debug|Any CPU = Debug|Any CPU
		Release|Any CPU = Release|Any CPU
	EndGlobalSection
	GlobalSection(ProjectConfigurationPlatforms) = postSolution
		{DE33B0CD-2BD9-4E87-A57B-B92A5EEF88E9}.Debug|Any CPU.ActiveCfg = Debug|Any CPU
		{DE33B0CD-2BD9-4E87-A57B-B92A5EEF88E9}.Debug|Any CPU.Build.0 = Debug|Any CPU
		{DE33B0CD-2BD9-4E87-A57B-B92A5EEF88E9}.Release|Any CPU.ActiveCfg = Release|Any CPU
		{DE33B0CD-2BD9-4E87-A57B-B92A5EEF88E9}.Release|Any CPU.Build.0 = Release|Any CPU
	EndGlobalSection
	GlobalSection(SolutionProperties) = preSolution
		HideSolutionNode = FALSE
	EndGlobalSection
	GlobalSection(ExtensibilityGlobals) = postSolution
		SolutionGuid = {3CC8A6DB-27E7-4BA4-8D40-2604559211D2}
	EndGlobalSection
EndGlobal
